
Microsoft Visual Studio Solution File, Format Version 12.00
# Visual Studio 2013
VisualStudioVersion = 12.0.31101.0
MinimumVisualStudioVersion = 10.0.40219.1
Project("{FAE04EC0-301F-11D3-BF4B-00C04F79EFBC}") = "MinimalTowerDefence", "MinimalTowerDefence\MinimalTowerDefence.csproj", "{F99CFD9F-A4A7-4F9D-8356-57A7F72B8DC6}"
EndProject
Global
	GlobalSection(SolutionConfigurationPlatforms) = preSolution
		Debug|Any CPU = Debug|Any CPU
		Release|Any CPU = Release|Any CPU
	EndGlobalSection
	GlobalSection(ProjectConfigurationPlatforms) = postSolution
		{F99CFD9F-A4A7-4F9D-8356-57A7F72B8DC6}.Debug|Any CPU.ActiveCfg = Debug|Any CPU
		{F99CFD9F-A4A7-4F9D-8356-57A7F72B8DC6}.Debug|Any CPU.Build.0 = Debug|Any CPU
		{F99CFD9F-A4A7-4F9D-8356-57A7F72B8DC6}.Release|Any CPU.ActiveCfg = Release|Any CPU
		{F99CFD9F-A4A7-4F9D-8356-57A7F72B8DC6}.Release|Any CPU.Build.0 = Release|Any CPU
	EndGlobalSection
	GlobalSection(SolutionProperties) = preSolution
		HideSolutionNode = FALSE
	EndGlobalSection
EndGlobal
